{
  "name": "stock-dashboard",
  "version": "0.1.0",
  "lockfileVersion": 3,
  "requires": true,
  "packages": {
    "": {
      "name": "stock-dashboard",
      "version": "0.1.0",
      "dependencies": {
        "clsx": "file:vendor/clsx",
        "framer-motion": "file:vendor/framer-motion",
        "lucide-react": "file:vendor/lucide-react",
        "next": "file:vendor/next",
        "react": "file:vendor/react",
        "react-dom": "file:vendor/react-dom",
        "recharts": "file:vendor/recharts",
        "tailwind-merge": "file:vendor/tailwind-merge"
      },
      "devDependencies": {
        "tailwindcss": "file:vendor/tailwindcss"
      }
    },
    "node_modules/clsx": {
      "resolved": "vendor/clsx",
      "link": true
    },
    "node_modules/framer-motion": {
      "resolved": "vendor/framer-motion",
      "link": true
    },
    "node_modules/lucide-react": {
      "resolved": "vendor/lucide-react",
      "link": true
    },
    "node_modules/next": {
      "resolved": "vendor/next",
      "link": true
    },
    "node_modules/react": {
      "resolved": "vendor/react",
      "link": true
    },
    "node_modules/react-dom": {
      "resolved": "vendor/react-dom",
      "link": true
    },
    "node_modules/recharts": {
      "resolved": "vendor/recharts",
      "link": true
    },
    "node_modules/tailwind-merge": {
      "resolved": "vendor/tailwind-merge",
      "link": true
    },
    "node_modules/tailwindcss": {
      "resolved": "vendor/tailwindcss",
      "link": true
    },
    "vendor/clsx": {
      "version": "0.0.0-local"
    },
    "vendor/framer-motion": {
      "version": "0.0.0-local"
    },
    "vendor/lucide-react": {
      "version": "0.0.0-local"
    },
    "vendor/next": {
      "version": "0.0.0-local",
      "bin": {
        "next": "bin/next.mjs"
      }
    },
    "vendor/react": {
      "version": "0.0.0-local"
    },
    "vendor/react-dom": {
      "version": "0.0.0-local"
    },
    "vendor/recharts": {
      "version": "0.0.0-local"
    },
    "vendor/tailwind-merge": {
      "version": "0.0.0-local"
    },
    "vendor/tailwindcss": {
      "version": "0.0.0-local",
      "dev": true
    }
  }
}
